github.com/ilius/bip39-coder v0.0.0-20241206173118-1ab674f2290f h1:4y+XYYpZiGFKrQtYgixJE6upwU2J8841TFxJdutHasg=
github.com/ilius/bip39-coder v0.0.0-20241206173118-1ab674f2290f/go.mod h1:uzESCURlNnGOS7UMscmRD9KIOGCGKDB/m6Q89BfCqr0=
github.com/ilius/is/v2 v2.3.0/go.mod h1:OMGTmQDDc3Svaj3EoQHeNnXHP0R1HCb5u/Hfm7kuYIM=
github.com/ilius/is/v2 v2.4.0 h1:JU2iQRNdudJJ1YiX1SHGx9kwFQ2aRlsHLLUTPIUjbRw=
github.com/ilius/is/v2 v2.4.0/go.mod h1:mAn6VJPQJGfz3XBN+uAhcySCtrPiSOwE1Af3Pu21lO0=
github.com/ilius/libgostarcal v1.0.0 h1:pXdmaYvilROhEkv75KR274Q+HsfhaNHpX2oXo3ppVZY=
github.com/ilius/libgostarcal v1.0.0/go.mod h1:4+9Ebd6qxRf76UM2ijICHOQB6CXvJdE3O9xyllcdux0=
